
Microsoft Visual Studio Solution File, Format Version 12.00
# Visual Studio Version 17
VisualStudioVersion = 17.5.33424.131
MinimumVisualStudioVersion = 10.0.40219.1
Project("{9A19103F-16F7-4668-BE54-9A1E7A4F7556}") = "MyBlog", "MyBlog.csproj", "{9899DDD7-8172-4D91-9C9C-D7F606F14112}"
EndProject
Global
	GlobalSection(SolutionConfigurationPlatforms) = preSolution
		Debug|Any CPU = Debug|Any CPU
		Release|Any CPU = Release|Any CPU
	EndGlobalSection
	GlobalSection(ProjectConfigurationPlatforms) = postSolution
		{9899DDD7-8172-4D91-9C9C-D7F606F14112}.Debug|Any CPU.ActiveCfg = Debug|Any CPU
		{9899DDD7-8172-4D91-9C9C-D7F606F14112}.Debug|Any CPU.Build.0 = Debug|Any CPU
		{9899DDD7-8172-4D91-9C9C-D7F606F14112}.Release|Any CPU.ActiveCfg = Release|Any CPU
		{9899DDD7-8172-4D91-9C9C-D7F606F14112}.Release|Any CPU.Build.0 = Release|Any CPU
	EndGlobalSection
	GlobalSection(SolutionProperties) = preSolution
		HideSolutionNode = FALSE
	EndGlobalSection
	GlobalSection(ExtensibilityGlobals) = postSolution
		SolutionGuid = {FFB7C1B4-3658-40CB-83DC-F17EB4375F86}
	EndGlobalSection
EndGlobal
